
Microsoft Visual Studio Solution File, Format Version 12.00
# Visual Studio 14
VisualStudioVersion = 14.0.24720.0
MinimumVisualStudioVersion = 10.0.40219.1
Project("{FAE04EC0-301F-11D3-BF4B-00C04F79EFBC}") = "TestUppgifter_2", "TestUppgifter_2\TestUppgifter_2.csproj", "{BA1BE55B-3C88-493A-BEF2-2002E68A682B}"
EndProject
Project("{FAE04EC0-301F-11D3-BF4B-00C04F79EFBC}") = "UnitTestProject2", "UnitTestProject2\UnitTestProject2.csproj", "{7B30AB14-D1AF-4CB5-A843-D664A34C0633}"
EndProject
Global
	GlobalSection(SolutionConfigurationPlatforms) = preSolution
		Debug|Any CPU = Debug|Any CPU
		Release|Any CPU = Release|Any CPU
	EndGlobalSection
	GlobalSection(ProjectConfigurationPlatforms) = postSolution
		{BA1BE55B-3C88-493A-BEF2-2002E68A682B}.Debug|Any CPU.ActiveCfg = Debug|Any CPU
		{BA1BE55B-3C88-493A-BEF2-2002E68A682B}.Debug|Any CPU.Build.0 = Debug|Any CPU
		{BA1BE55B-3C88-493A-BEF2-2002E68A682B}.Release|Any CPU.ActiveCfg = Release|Any CPU
		{BA1BE55B-3C88-493A-BEF2-2002E68A682B}.Release|Any CPU.Build.0 = Release|Any CPU
		{7B30AB14-D1AF-4CB5-A843-D664A34C0633}.Debug|Any CPU.ActiveCfg = Debug|Any CPU
		{7B30AB14-D1AF-4CB5-A843-D664A34C0633}.Debug|Any CPU.Build.0 = Debug|Any CPU
		{7B30AB14-D1AF-4CB5-A843-D664A34C0633}.Release|Any CPU.ActiveCfg = Release|Any CPU
		{7B30AB14-D1AF-4CB5-A843-D664A34C0633}.Release|Any CPU.Build.0 = Release|Any CPU
	EndGlobalSection
	GlobalSection(SolutionProperties) = preSolution
		HideSolutionNode = FALSE
	EndGlobalSection
EndGlobal
